
Microsoft Visual Studio Solution File, Format Version 12.00
# Visual Studio Version 17
VisualStudioVersion = 17.11.35327.3
MinimumVisualStudioVersion = 10.0.40219.1
Project("{FAE04EC0-301F-11D3-BF4B-00C04F79EFBC}") = "F1_RaceSimulator", "F1_RaceSimulator\F1_RaceSimulator.csproj", "{310A0BAC-CD44-4306-90EE-53F162B33069}"
EndProject
Global
	GlobalSection(SolutionConfigurationPlatforms) = preSolution
		Debug|Any CPU = Debug|Any CPU
		Release|Any CPU = Release|Any CPU
	EndGlobalSection
	GlobalSection(ProjectConfigurationPlatforms) = postSolution
		{310A0BAC-CD44-4306-90EE-53F162B33069}.Debug|Any CPU.ActiveCfg = Debug|Any CPU
		{310A0BAC-CD44-4306-90EE-53F162B33069}.Debug|Any CPU.Build.0 = Debug|Any CPU
		{310A0BAC-CD44-4306-90EE-53F162B33069}.Release|Any CPU.ActiveCfg = Release|Any CPU
		{310A0BAC-CD44-4306-90EE-53F162B33069}.Release|Any CPU.Build.0 = Release|Any CPU
	EndGlobalSection
	GlobalSection(SolutionProperties) = preSolution
		HideSolutionNode = FALSE
	EndGlobalSection
	GlobalSection(ExtensibilityGlobals) = postSolution
		SolutionGuid = {5CC604DC-88F7-4EBC-8C8F-F52C089B53EE}
	EndGlobalSection
EndGlobal
